
Microsoft Visual Studio Solution File, Format Version 12.00
Project("{FAE04EC0-301F-11D3-BF4B-00C04F79EFBC}") = "PixelCaveGame.Bot", "src\PixelCaveGame.Bot\PixelCaveGame.Bot.csproj", "{05713300-8491-4E2E-ABC7-B81B13C3E001}"
EndProject
Global
	GlobalSection(SolutionConfigurationPlatforms) = preSolution
		Debug|Any CPU = Debug|Any CPU
		Release|Any CPU = Release|Any CPU
	EndGlobalSection
	GlobalSection(ProjectConfigurationPlatforms) = postSolution
		{05713300-8491-4E2E-ABC7-B81B13C3E001}.Debug|Any CPU.ActiveCfg = Debug|Any CPU
		{05713300-8491-4E2E-ABC7-B81B13C3E001}.Debug|Any CPU.Build.0 = Debug|Any CPU
		{05713300-8491-4E2E-ABC7-B81B13C3E001}.Release|Any CPU.ActiveCfg = Release|Any CPU
		{05713300-8491-4E2E-ABC7-B81B13C3E001}.Release|Any CPU.Build.0 = Release|Any CPU
	EndGlobalSection
EndGlobal
